
Microsoft Visual Studio Solution File, Format Version 12.00
# Visual Studio 15
VisualStudioVersion = 15.0.26430.16
MinimumVisualStudioVersion = 10.0.40219.1
Project("{FAE04EC0-301F-11D3-BF4B-00C04F79EFBC}") = "WebdriverFramework", "WebdriverFramework.csproj", "{50DD8C55-D19E-436D-854F-C3C790843EDA}"
EndProject
Project("{2150E333-8FDC-42A3-9474-1A3956D46DE8}") = "Solution Items", "Solution Items", "{6E4A52E5-68BE-45A4-8178-0CCCDD999C5B}"
	ProjectSection(SolutionItems) = preProject
		TestSettings1.testsettings = TestSettings1.testsettings
	EndProjectSection
EndProject
Global
	GlobalSection(SolutionConfigurationPlatforms) = preSolution
		Debug|Any CPU = Debug|Any CPU
		Debug|Mixed Platforms = Debug|Mixed Platforms
		Debug|x86 = Debug|x86
		Release|Any CPU = Release|Any CPU
		Release|Mixed Platforms = Release|Mixed Platforms
		Release|x86 = Release|x86
	EndGlobalSection
	GlobalSection(ProjectConfigurationPlatforms) = postSolution
		{50DD8C55-D19E-436D-854F-C3C790843EDA}.Debug|Any CPU.ActiveCfg = Debug|x86
		{50DD8C55-D19E-436D-854F-C3C790843EDA}.Debug|Mixed Platforms.ActiveCfg = Debug|x86
		{50DD8C55-D19E-436D-854F-C3C790843EDA}.Debug|Mixed Platforms.Build.0 = Debug|x86
		{50DD8C55-D19E-436D-854F-C3C790843EDA}.Debug|x86.ActiveCfg = Debug|x86
		{50DD8C55-D19E-436D-854F-C3C790843EDA}.Debug|x86.Build.0 = Debug|x86
		{50DD8C55-D19E-436D-854F-C3C790843EDA}.Release|Any CPU.ActiveCfg = Release|x86
		{50DD8C55-D19E-436D-854F-C3C790843EDA}.Release|Mixed Platforms.ActiveCfg = Release|x86
		{50DD8C55-D19E-436D-854F-C3C790843EDA}.Release|Mixed Platforms.Build.0 = Release|x86
		{50DD8C55-D19E-436D-854F-C3C790843EDA}.Release|x86.ActiveCfg = Release|x86
		{50DD8C55-D19E-436D-854F-C3C790843EDA}.Release|x86.Build.0 = Release|x86
	EndGlobalSection
	GlobalSection(SolutionProperties) = preSolution
		HideSolutionNode = FALSE
	EndGlobalSection
	GlobalSection(ExtensibilityGlobals) = postSolution
		VisualSVNWorkingCopyRoot = ..
	EndGlobalSection
	GlobalSection(SubversionScc) = preSolution
		Svn-Managed = True
		Manager = AnkhSVN - Subversion Support for Visual Studio
	EndGlobalSection
	GlobalSection(TestCaseManagementSettings) = postSolution
		CategoryFile = WebdriverFramework.vsmdi
	EndGlobalSection
EndGlobal
